
Microsoft Visual Studio Solution File, Format Version 12.00
# Visual Studio Version 17
VisualStudioVersion = 17.8.34511.84
MinimumVisualStudioVersion = 10.0.40219.1
Project("{9A19103F-16F7-4668-BE54-9A1E7A4F7556}") = "Majd_Web", "Majd_Web\Majd_Web.csproj", "{40EE9EB8-B514-435F-B239-504688D19532}"
EndProject
Global
	GlobalSection(SolutionConfigurationPlatforms) = preSolution
		Debug|Any CPU = Debug|Any CPU
		Release|Any CPU = Release|Any CPU
	EndGlobalSection
	GlobalSection(ProjectConfigurationPlatforms) = postSolution
		{40EE9EB8-B514-435F-B239-504688D19532}.Debug|Any CPU.ActiveCfg = Debug|Any CPU
		{40EE9EB8-B514-435F-B239-504688D19532}.Debug|Any CPU.Build.0 = Debug|Any CPU
		{40EE9EB8-B514-435F-B239-504688D19532}.Release|Any CPU.ActiveCfg = Release|Any CPU
		{40EE9EB8-B514-435F-B239-504688D19532}.Release|Any CPU.Build.0 = Release|Any CPU
	EndGlobalSection
	GlobalSection(SolutionProperties) = preSolution
		HideSolutionNode = FALSE
	EndGlobalSection
	GlobalSection(ExtensibilityGlobals) = postSolution
		SolutionGuid = {428F3FBF-D7C2-4F73-B441-CDE85F2A5963}
	EndGlobalSection
EndGlobal
